
Microsoft Visual Studio Solution File, Format Version 12.00
# Visual Studio Version 17
VisualStudioVersion = 17.4.33110.190
MinimumVisualStudioVersion = 10.0.40219.1
Project("{FAE04EC0-301F-11D3-BF4B-00C04F79EFBC}") = "WindowsFormsApp1", "WindowsFormsApp1\WindowsFormsApp1.csproj", "{76BCCA31-A442-43C5-B5E3-5627528D89A4}"
EndProject
Global
	GlobalSection(SolutionConfigurationPlatforms) = preSolution
		Debug|Any CPU = Debug|Any CPU
		Release|Any CPU = Release|Any CPU
	EndGlobalSection
	GlobalSection(ProjectConfigurationPlatforms) = postSolution
		{76BCCA31-A442-43C5-B5E3-5627528D89A4}.Debug|Any CPU.ActiveCfg = Debug|Any CPU
		{76BCCA31-A442-43C5-B5E3-5627528D89A4}.Debug|Any CPU.Build.0 = Debug|Any CPU
		{76BCCA31-A442-43C5-B5E3-5627528D89A4}.Release|Any CPU.ActiveCfg = Release|Any CPU
		{76BCCA31-A442-43C5-B5E3-5627528D89A4}.Release|Any CPU.Build.0 = Release|Any CPU
	EndGlobalSection
	GlobalSection(SolutionProperties) = preSolution
		HideSolutionNode = FALSE
	EndGlobalSection
	GlobalSection(ExtensibilityGlobals) = postSolution
		SolutionGuid = {569AB36A-9F76-43C5-8DD2-8E73F6C05446}
	EndGlobalSection
EndGlobal
